
Microsoft Visual Studio Solution File, Format Version 12.00
# Visual Studio Version 16
VisualStudioVersion = 16.0.30804.86
MinimumVisualStudioVersion = 10.0.40219.1
Project("{FAE04EC0-301F-11D3-BF4B-00C04F79EFBC}") = "ContratoCompraEVenda", "WindowsFormsApp1\ContratoCompraEVenda.csproj", "{9C5E0BD7-3E9B-4194-A25C-7A00DC3D96E4}"
EndProject
Project("{54435603-DBB4-11D2-8724-00A0C9A8B90C}") = "Instalador Contrato", "..\..\..\Instaladores Projeto\Instalador Contrato\Instalador Contrato.vdproj", "{91BABB10-133D-4A82-95AD-6C438C2972C4}"
EndProject
Global
	GlobalSection(SolutionConfigurationPlatforms) = preSolution
		Debug|Any CPU = Debug|Any CPU
		Release|Any CPU = Release|Any CPU
	EndGlobalSection
	GlobalSection(ProjectConfigurationPlatforms) = postSolution
		{9C5E0BD7-3E9B-4194-A25C-7A00DC3D96E4}.Debug|Any CPU.ActiveCfg = Debug|Any CPU
		{9C5E0BD7-3E9B-4194-A25C-7A00DC3D96E4}.Debug|Any CPU.Build.0 = Debug|Any CPU
		{9C5E0BD7-3E9B-4194-A25C-7A00DC3D96E4}.Release|Any CPU.ActiveCfg = Release|Any CPU
		{9C5E0BD7-3E9B-4194-A25C-7A00DC3D96E4}.Release|Any CPU.Build.0 = Release|Any CPU
		{91BABB10-133D-4A82-95AD-6C438C2972C4}.Debug|Any CPU.ActiveCfg = Debug
		{91BABB10-133D-4A82-95AD-6C438C2972C4}.Release|Any CPU.ActiveCfg = Release
	EndGlobalSection
	GlobalSection(SolutionProperties) = preSolution
		HideSolutionNode = FALSE
	EndGlobalSection
	GlobalSection(ExtensibilityGlobals) = postSolution
		SolutionGuid = {E521574E-331A-4939-A0B1-3AD920C51008}
	EndGlobalSection
EndGlobal
