
Microsoft Visual Studio Solution File, Format Version 12.00
# Visual Studio Version 16
VisualStudioVersion = 16.0.31205.134
MinimumVisualStudioVersion = 10.0.40219.1
Project("{9A19103F-16F7-4668-BE54-9A1E7A4F7556}") = "RelatorioPDFGastosMensais", "RelatorioPDFGastosMensais\RelatorioPDFGastosMensais.csproj", "{EDB38F78-25EE-4EF1-B7C4-A179A044E9C9}"
EndProject
Project("{54435603-DBB4-11D2-8724-00A0C9A8B90C}") = "InstaladorGastosMensais", "..\..\..\Instaladores Projeto\InstaladorGastosMensais\InstaladorGastosMensais.vdproj", "{2442EE22-CB9A-46B0-B516-A4F1C70AFC45}"
EndProject
Global
	GlobalSection(SolutionConfigurationPlatforms) = preSolution
		Debug|Any CPU = Debug|Any CPU
		Release|Any CPU = Release|Any CPU
	EndGlobalSection
	GlobalSection(ProjectConfigurationPlatforms) = postSolution
		{EDB38F78-25EE-4EF1-B7C4-A179A044E9C9}.Debug|Any CPU.ActiveCfg = Debug|Any CPU
		{EDB38F78-25EE-4EF1-B7C4-A179A044E9C9}.Debug|Any CPU.Build.0 = Debug|Any CPU
		{EDB38F78-25EE-4EF1-B7C4-A179A044E9C9}.Release|Any CPU.ActiveCfg = Release|Any CPU
		{EDB38F78-25EE-4EF1-B7C4-A179A044E9C9}.Release|Any CPU.Build.0 = Release|Any CPU
		{2442EE22-CB9A-46B0-B516-A4F1C70AFC45}.Debug|Any CPU.ActiveCfg = Debug
		{2442EE22-CB9A-46B0-B516-A4F1C70AFC45}.Release|Any CPU.ActiveCfg = Release
	EndGlobalSection
	GlobalSection(SolutionProperties) = preSolution
		HideSolutionNode = FALSE
	EndGlobalSection
	GlobalSection(ExtensibilityGlobals) = postSolution
		SolutionGuid = {CB37EB1B-690B-4143-93F4-346BD97BC9B7}
	EndGlobalSection
EndGlobal
